
Microsoft Visual Studio Solution File, Format Version 12.00
# Visual Studio Version 17
VisualStudioVersion = 17.2.32616.157
MinimumVisualStudioVersion = 10.0.40219.1
Project("{FAE04EC0-301F-11D3-BF4B-00C04F79EFBC}") = "Investor_Service", "Investor_Service\Investor_Service.csproj", "{20CF2638-E911-4C34-B11A-3B40FA404B3B}"
EndProject
Global
	GlobalSection(SolutionConfigurationPlatforms) = preSolution
		Debug|Any CPU = Debug|Any CPU
		Release|Any CPU = Release|Any CPU
	EndGlobalSection
	GlobalSection(ProjectConfigurationPlatforms) = postSolution
		{20CF2638-E911-4C34-B11A-3B40FA404B3B}.Debug|Any CPU.ActiveCfg = Debug|Any CPU
		{20CF2638-E911-4C34-B11A-3B40FA404B3B}.Debug|Any CPU.Build.0 = Debug|Any CPU
		{20CF2638-E911-4C34-B11A-3B40FA404B3B}.Release|Any CPU.ActiveCfg = Release|Any CPU
		{20CF2638-E911-4C34-B11A-3B40FA404B3B}.Release|Any CPU.Build.0 = Release|Any CPU
	EndGlobalSection
	GlobalSection(SolutionProperties) = preSolution
		HideSolutionNode = FALSE
	EndGlobalSection
	GlobalSection(ExtensibilityGlobals) = postSolution
		SolutionGuid = {143745A0-AFEB-4A00-8F80-F71825E0E851}
	EndGlobalSection
EndGlobal
